
Microsoft Visual Studio Solution File, Format Version 12.00
# Visual Studio Version 16
VisualStudioVersion = 16.0.29920.165
MinimumVisualStudioVersion = 10.0.40219.1
Project("{F184B08F-C81C-45F6-A57F-5ABD9991F28F}") = "_encuesta_", "_encuesta_\_encuesta_.vbproj", "{5FE6C7BE-B653-4ED0-B6FB-73C59629EBF4}"
EndProject
Global
	GlobalSection(SolutionConfigurationPlatforms) = preSolution
		Debug|Any CPU = Debug|Any CPU
		Release|Any CPU = Release|Any CPU
	EndGlobalSection
	GlobalSection(ProjectConfigurationPlatforms) = postSolution
		{5FE6C7BE-B653-4ED0-B6FB-73C59629EBF4}.Debug|Any CPU.ActiveCfg = Debug|Any CPU
		{5FE6C7BE-B653-4ED0-B6FB-73C59629EBF4}.Debug|Any CPU.Build.0 = Debug|Any CPU
		{5FE6C7BE-B653-4ED0-B6FB-73C59629EBF4}.Release|Any CPU.ActiveCfg = Release|Any CPU
		{5FE6C7BE-B653-4ED0-B6FB-73C59629EBF4}.Release|Any CPU.Build.0 = Release|Any CPU
	EndGlobalSection
	GlobalSection(SolutionProperties) = preSolution
		HideSolutionNode = FALSE
	EndGlobalSection
	GlobalSection(ExtensibilityGlobals) = postSolution
		SolutionGuid = {C5C34F91-F972-4470-B125-EDF0954CD9FC}
	EndGlobalSection
EndGlobal
